// !$*UTF8*$!
{
	archiveVersion = 1;
	classes = {
	};
	objectVersion = 55;
	objects = {

/* Begin PBXBuildFile section */
		387CC8646BBD0ED667B6472D /* libPods-Todo.a in Frameworks */ = {isa = PBXBuildFile; fileRef = B70D581862503BE7FB4D0EA7 /* libPods-Todo.a */; };
		4B780357288F7C5D0059AA45 /* TodoSectionController.m in Sources */ = {isa = PBXBuildFile; fileRef = 4B780356288F7C5D0059AA45 /* TodoSectionController.m */; };
		4B78035D288F7D9D0059AA45 /* TodoCell.m in Sources */ = {isa = PBXBuildFile; fileRef = 4B78035C288F7D9D0059AA45 /* TodoCell.m */; };
		4B780360288F7E850059AA45 /* TodoViewController.m in Sources */ = {isa = PBXBuildFile; fileRef = 4B78035F288F7E850059AA45 /* TodoViewController.m */; };
		4B9B5373288F7ABB003FC745 /* AppDelegate.m in Sources */ = {isa = PBXBuildFile; fileRef = 4B9B5372288F7ABB003FC745 /* AppDelegate.m */; };
		4B9B5376288F7ABB003FC745 /* SceneDelegate.m in Sources */ = {isa = PBXBuildFile; fileRef = 4B9B5375288F7ABB003FC745 /* SceneDelegate.m */; };
		4B9B5379288F7ABB003FC745 /* ViewController.m in Sources */ = {isa = PBXBuildFile; fileRef = 4B9B5378288F7ABB003FC745 /* ViewController.m */; };
		4B9B537C288F7ABB003FC745 /* Main.storyboard in Resources */ = {isa = PBXBuildFile; fileRef = 4B9B537A288F7ABB003FC745 /* Main.storyboard */; };
		4B9B537E288F7ABD003FC745 /* Assets.xcassets in Resources */ = {isa = PBXBuildFile; fileRef = 4B9B537D288F7ABD003FC745 /* Assets.xcassets */; };
		4B9B5381288F7ABD003FC745 /* LaunchScreen.storyboard in Resources */ = {isa = PBXBuildFile; fileRef = 4B9B537F288F7ABD003FC745 /* LaunchScreen.storyboard */; };
		4B9B5384288F7ABD003FC745 /* main.m in Sources */ = {isa = PBXBuildFile; fileRef = 4B9B5383288F7ABD003FC745 /* main.m */; };
/* End PBXBuildFile section */

/* Begin PBXFileReference section */
		4B780355288F7C5D0059AA45 /* TodoSectionController.h */ = {isa = PBXFileReference; lastKnownFileType = sourcecode.c.h; path = TodoSectionController.h; sourceTree = "<group>"; };
		4B780356288F7C5D0059AA45 /* TodoSectionController.m */ = {isa = PBXFileReference; lastKnownFileType = sourcecode.c.objc; path = TodoSectionController.m; sourceTree = "<group>"; };
		4B78035B288F7D9D0059AA45 /* TodoCell.h */ = {isa = PBXFileReference; lastKnownFileType = sourcecode.c.h; path = TodoCell.h; sourceTree = "<group>"; };
		4B78035C288F7D9D0059AA45 /* TodoCell.m */ = {isa = PBXFileReference; lastKnownFileType = sourcecode.c.objc; path = TodoCell.m; sourceTree = "<group>"; };
		4B78035E288F7E850059AA45 /* TodoViewController.h */ = {isa = PBXFileReference; lastKnownFileType = sourcecode.c.h; path = TodoViewController.h; sourceTree = "<group>"; };
		4B78035F288F7E850059AA45 /* TodoViewController.m */ = {isa = PBXFileReference; lastKnownFileType = sourcecode.c.objc; path = TodoViewController.m; sourceTree = "<group>"; };
		4B9B536E288F7ABB003FC745 /* Todo.app */ = {isa = PBXFileReference; explicitFileType = wrapper.application; includeInIndex = 0; path = Todo.app; sourceTree = BUILT_PRODUCTS_DIR; };
		4B9B5371288F7ABB003FC745 /* AppDelegate.h */ = {isa = PBXFileReference; lastKnownFileType = sourcecode.c.h; path = AppDelegate.h; sourceTree = "<group>"; };
		4B9B5372288F7ABB003FC745 /* AppDelegate.m */ = {isa = PBXFileReference; lastKnownFileType = sourcecode.c.objc; path = AppDelegate.m; sourceTree = "<group>"; };
		4B9B5374288F7ABB003FC745 /* SceneDelegate.h */ = {isa = PBXFileReference; lastKnownFileType = sourcecode.c.h; path = SceneDelegate.h; sourceTree = "<group>"; };
		4B9B5375288F7ABB003FC745 /* SceneDelegate.m */ = {isa = PBXFileReference; lastKnownFileType = sourcecode.c.objc; path = SceneDelegate.m; sourceTree = "<group>"; };
		4B9B5377288F7ABB003FC745 /* ViewController.h */ = {isa = PBXFileReference; lastKnownFileType = sourcecode.c.h; path = ViewController.h; sourceTree = "<group>"; };
		4B9B5378288F7ABB003FC745 /* ViewController.m */ = {isa = PBXFileReference; lastKnownFileType = sourcecode.c.objc; path = ViewController.m; sourceTree = "<group>"; };
		4B9B537B288F7ABB003FC745 /* Base */ = {isa = PBXFileReference; lastKnownFileType = file.storyboard; name = Base; path = Base.lproj/Main.storyboard; sourceTree = "<group>"; };
		4B9B537D288F7ABD003FC745 /* Assets.xcassets */ = {isa = PBXFileReference; lastKnownFileType = folder.assetcatalog; path = Assets.xcassets; sourceTree = "<group>"; };
		4B9B5380288F7ABD003FC745 /* Base */ = {isa = PBXFileReference; lastKnownFileType = file.storyboard; name = Base; path = Base.lproj/LaunchScreen.storyboard; sourceTree = "<group>"; };
		4B9B5382288F7ABD003FC745 /* Info.plist */ = {isa = PBXFileReference; lastKnownFileType = text.plist.xml; path = Info.plist; sourceTree = "<group>"; };
		4B9B5383288F7ABD003FC745 /* main.m */ = {isa = PBXFileReference; lastKnownFileType = sourcecode.c.objc; path = main.m; sourceTree = "<group>"; };
		569AACC466C1472DB896C409 /* Pods-Todo.release.xcconfig */ = {isa = PBXFileReference; includeInIndex = 1; lastKnownFileType = text.xcconfig; name = "Pods-Todo.release.xcconfig"; path = "Target Support Files/Pods-Todo/Pods-Todo.release.xcconfig"; sourceTree = "<group>"; };
		6F69386DD3123050E320AFB6 /* Pods-Todo.debug.xcconfig */ = {isa = PBXFileReference; includeInIndex = 1; lastKnownFileType = text.xcconfig; name = "Pods-Todo.debug.xcconfig"; path = "Target Support Files/Pods-Todo/Pods-Todo.debug.xcconfig"; sourceTree = "<group>"; };
		B70D581862503BE7FB4D0EA7 /* libPods-Todo.a */ = {isa = PBXFileReference; explicitFileType = archive.ar; includeInIndex = 0; path = "libPods-Todo.a"; sourceTree = BUILT_PRODUCTS_DIR; };
/* End PBXFileReference section */

/* Begin PBXFrameworksBuildPhase section */
		4B9B536B288F7ABB003FC745 /* Frameworks */ = {
			isa = PBXFrameworksBuildPhase;
			buildActionMask = 2147483647;
			files = (
				387CC8646BBD0ED667B6472D /* libPods-Todo.a in Frameworks */,
			);
			runOnlyForDeploymentPostprocessing = 0;
		};
/* End PBXFrameworksBuildPhase section */

/* Begin PBXGroup section */
		17AA9974244295DA44452FA8 /* Frameworks */ = {
			isa = PBXGroup;
			children = (
				B70D581862503BE7FB4D0EA7 /* libPods-Todo.a */,
			);
			name = Frameworks;
			sourceTree = "<group>";
		};
		4B9B5365288F7ABB003FC745 = {
			isa = PBXGroup;
			children = (
				4B9B5370288F7ABB003FC745 /* Todo */,
				4B9B536F288F7ABB003FC745 /* Products */,
				D86EA6FF3CBCCAA55D217B73 /* Pods */,
				17AA9974244295DA44452FA8 /* Frameworks */,
			);
			sourceTree = "<group>";
		};
		4B9B536F288F7ABB003FC745 /* Products */ = {
			isa = PBXGroup;
			children = (
				4B9B536E288F7ABB003FC745 /* Todo.app */,
			);
			name = Products;
			sourceTree = "<group>";
		};
		4B9B5370288F7ABB003FC745 /* Todo */ = {
			isa = PBXGroup;
			children = (
				4B9B5371288F7ABB003FC745 /* AppDelegate.h */,
				4B9B5372288F7ABB003FC745 /* AppDelegate.m */,
				4B9B5374288F7ABB003FC745 /* SceneDelegate.h */,
				4B9B5375288F7ABB003FC745 /* SceneDelegate.m */,
				4B9B5377288F7ABB003FC745 /* ViewController.h */,
				4B9B5378288F7ABB003FC745 /* ViewController.m */,
				4B9B537A288F7ABB003FC745 /* Main.storyboard */,
				4B9B537D288F7ABD003FC745 /* Assets.xcassets */,
				4B9B537F288F7ABD003FC745 /* LaunchScreen.storyboard */,
				4B9B5382288F7ABD003FC745 /* Info.plist */,
				4B9B5383288F7ABD003FC745 /* main.m */,
				4B780355288F7C5D0059AA45 /* TodoSectionController.h */,
				4B780356288F7C5D0059AA45 /* TodoSectionController.m */,
				4B78035B288F7D9D0059AA45 /* TodoCell.h */,
				4B78035C288F7D9D0059AA45 /* TodoCell.m */,
				4B78035E288F7E850059AA45 /* TodoViewController.h */,
				4B78035F288F7E850059AA45 /* TodoViewController.m */,
			);
			path = Todo;
			sourceTree = "<group>";
		};
		D86EA6FF3CBCCAA55D217B73 /* Pods */ = {
			isa = PBXGroup;
			children = (
				6F69386DD3123050E320AFB6 /* Pods-Todo.debug.xcconfig */,
				569AACC466C1472DB896C409 /* Pods-Todo.release.xcconfig */,
			);
			path = Pods;
			sourceTree = "<group>";
		};
/* End PBXGroup section */

/* Begin PBXNativeTarget section */
		4B9B536D288F7ABB003FC745 /* Todo */ = {
			isa = PBXNativeTarget;
			buildConfigurationList = 4B9B5387288F7ABD003FC745 /* Build configuration list for PBXNativeTarget "Todo" */;
			buildPhases = (
				4D42F5D1C494CF88FC4FDDDA /* [CP] Check Pods Manifest.lock */,
				4B9B536A288F7ABB003FC745 /* Sources */,
				4B9B536B288F7ABB003FC745 /* Frameworks */,
				4B9B536C288F7ABB003FC745 /* Resources */,
				FE5540FA7ED2647A943DB587 /* [CP] Copy Pods Resources */,
			);
			buildRules = (
			);
			dependencies = (
			);
			name = Todo;
			productName = Todo;
			productReference = 4B9B536E288F7ABB003FC745 /* Todo.app */;
			productType = "com.apple.product-type.application";
		};
/* End PBXNativeTarget section */

/* Begin PBXProject section */
		4B9B5366288F7ABB003FC745 /* Project object */ = {
			isa = PBXProject;
			attributes = {
				BuildIndependentTargetsInParallel = 1;
				LastUpgradeCheck = 1340;
				TargetAttributes = {
					4B9B536D288F7ABB003FC745 = {
						CreatedOnToolsVersion = 13.4.1;
					};
				};
			};
			buildConfigurationList = 4B9B5369288F7ABB003FC745 /* Build configuration list for PBXProject "Todo" */;
			compatibilityVersion = "Xcode 13.0";
			developmentRegion = en;
			hasScannedForEncodings = 0;
			knownRegions = (
				en,
				Base,
			);
			mainGroup = 4B9B5365288F7ABB003FC745;
			productRefGroup = 4B9B536F288F7ABB003FC745 /* Products */;
			projectDirPath = "";
			projectRoot = "";
			targets = (
				4B9B536D288F7ABB003FC745 /* Todo */,
			);
		};
/* End PBXProject section */

/* Begin PBXResourcesBuildPhase section */
		4B9B536C288F7ABB003FC745 /* Resources */ = {
			isa = PBXResourcesBuildPhase;
			buildActionMask = 2147483647;
			files = (
				4B9B5381288F7ABD003FC745 /* LaunchScreen.storyboard in Resources */,
				4B9B537E288F7ABD003FC745 /* Assets.xcassets in Resources */,
				4B9B537C288F7ABB003FC745 /* Main.storyboard in Resources */,
			);
			runOnlyForDeploymentPostprocessing = 0;
		};
/* End PBXResourcesBuildPhase section */

/* Begin PBXShellScriptBuildPhase section */
		4D42F5D1C494CF88FC4FDDDA /* [CP] Check Pods Manifest.lock */ = {
			isa = PBXShellScriptBuildPhase;
			buildActionMask = 2147483647;
			files = (
			);
			inputFileListPaths = (
			);
			inputPaths = (
				"${PODS_PODFILE_DIR_PATH}/Podfile.lock",
				"${PODS_ROOT}/Manifest.lock",
			);
			name = "[CP] Check Pods Manifest.lock";
			outputFileListPaths = (
			);
			outputPaths = (
				"$(DERIVED_FILE_DIR)/Pods-Todo-checkManifestLockResult.txt",
			);
			runOnlyForDeploymentPostprocessing = 0;
			shellPath = /bin/sh;
			shellScript = "diff \"${PODS_PODFILE_DIR_PATH}/Podfile.lock\" \"${PODS_ROOT}/Manifest.lock\" > /dev/null\nif [ $? != 0 ] ; then\n    # print error to STDERR\n    echo \"error: The sandbox is not in sync with the Podfile.lock. Run 'pod install' or update your CocoaPods installation.\" >&2\n    exit 1\nfi\n# This output is used by Xcode 'outputs' to avoid re-running this script phase.\necho \"SUCCESS\" > \"${SCRIPT_OUTPUT_FILE_0}\"\n";
			showEnvVarsInLog = 0;
		};
		FE5540FA7ED2647A943DB587 /* [CP] Copy Pods Resources */ = {
			isa = PBXShellScriptBuildPhase;
			buildActionMask = 2147483647;
			files = (
			);
			inputFileListPaths = (
				"${PODS_ROOT}/Target Support Files/Pods-Todo/Pods-Todo-resources-${CONFIGURATION}-input-files.xcfilelist",
			);
			name = "[CP] Copy Pods Resources";
			outputFileListPaths = (
				"${PODS_ROOT}/Target Support Files/Pods-Todo/Pods-Todo-resources-${CONFIGURATION}-output-files.xcfilelist",
			);
			runOnlyForDeploymentPostprocessing = 0;
			shellPath = /bin/sh;
			shellScript = "\"${PODS_ROOT}/Target Support Files/Pods-Todo/Pods-Todo-resources.sh\"\n";
			showEnvVarsInLog = 0;
		};
/* End PBXShellScriptBuildPhase section */

/* Begin PBXSourcesBuildPhase section */
		4B9B536A288F7ABB003FC745 /* Sources */ = {
			isa = PBXSourcesBuildPhase;
			buildActionMask = 2147483647;
			files = (
				4B780360288F7E850059AA45 /* TodoViewController.m in Sources */,
				4B9B5379288F7ABB003FC745 /* ViewController.m in Sources */,
				4B9B5373288F7ABB003FC745 /* AppDelegate.m in Sources */,
				4B780357288F7C5D0059AA45 /* TodoSectionController.m in Sources */,
				4B78035D288F7D9D0059AA45 /* TodoCell.m in Sources */,
				4B9B5384288F7ABD003FC745 /* main.m in Sources */,
				4B9B5376288F7ABB003FC745 /* SceneDelegate.m in Sources */,
			);
			runOnlyForDeploymentPostprocessing = 0;
		};
/* End PBXSourcesBuildPhase section */

/* Begin PBXVariantGroup section */
		4B9B537A288F7ABB003FC745 /* Main.storyboard */ = {
			isa = PBXVariantGroup;
			children = (
				4B9B537B288F7ABB003FC745 /* Base */,
			);
			name = Main.storyboard;
			sourceTree = "<group>";
		};
		4B9B537F288F7ABD003FC745 /* LaunchScreen.storyboard */ = {
			isa = PBXVariantGroup;
			children = (
				4B9B5380288F7ABD003FC745 /* Base */,
			);
			name = LaunchScreen.storyboard;
			sourceTree = "<group>";
		};
/* End PBXVariantGroup section */

/* Begin XCBuildConfiguration section */
		4B9B5385288F7ABD003FC745 /* Debug */ = {
			isa = XCBuildConfiguration;
			buildSettings = {
				ALWAYS_SEARCH_USER_PATHS = NO;
				CLANG_ANALYZER_NONNULL = YES;
				CLANG_ANALYZER_NUMBER_OBJECT_CONVERSION = YES_AGGRESSIVE;
				CLANG_CXX_LANGUAGE_STANDARD = "gnu++17";
				CLANG_ENABLE_MODULES = YES;
				CLANG_ENABLE_OBJC_ARC = YES;
				CLANG_ENABLE_OBJC_WEAK = YES;
				CLANG_WARN_BLOCK_CAPTURE_AUTORELEASING = YES;
				CLANG_WARN_BOOL_CONVERSION = YES;
				CLANG_WARN_COMMA = YES;
				CLANG_WARN_CONSTANT_CONVERSION = YES;
				CLANG_WARN_DEPRECATED_OBJC_IMPLEMENTATIONS = YES;
				CLANG_WARN_DIRECT_OBJC_ISA_USAGE = YES_ERROR;
				CLANG_WARN_DOCUMENTATION_COMMENTS = YES;
				CLANG_WARN_EMPTY_BODY = YES;
				CLANG_WARN_ENUM_CONVERSION = YES;
				CLANG_WARN_INFINITE_RECURSION = YES;
				CLANG_WARN_INT_CONVERSION = YES;
				CLANG_WARN_NON_LITERAL_NULL_CONVERSION = YES;
				CLANG_WARN_OBJC_IMPLICIT_RETAIN_SELF = YES;
				CLANG_WARN_OBJC_LITERAL_CONVERSION = YES;
				CLANG_WARN_OBJC_ROOT_CLASS = YES_ERROR;
				CLANG_WARN_QUOTED_INCLUDE_IN_FRAMEWORK_HEADER = YES;
				CLANG_WARN_RANGE_LOOP_ANALYSIS = YES;
				CLANG_WARN_STRICT_PROTOTYPES = YES;
				CLANG_WARN_SUSPICIOUS_MOVE = YES;
				CLANG_WARN_UNGUARDED_AVAILABILITY = YES_AGGRESSIVE;
				CLANG_WARN_UNREACHABLE_CODE = YES;
				CLANG_WARN__DUPLICATE_METHOD_MATCH = YES;
				COPY_PHASE_STRIP = NO;
				DEBUG_INFORMATION_FORMAT = dwarf;
				ENABLE_STRICT_OBJC_MSGSEND = YES;
				ENABLE_TESTABILITY = YES;
				GCC_C_LANGUAGE_STANDARD = gnu11;
				GCC_DYNAMIC_NO_PIC = NO;
				GCC_NO_COMMON_BLOCKS = YES;
				GCC_OPTIMIZATION_LEVEL = 0;
				GCC_PREPROCESSOR_DEFINITIONS = (
					"DEBUG=1",
					"$(inherited)",
				);
				GCC_WARN_64_TO_32_BIT_CONVERSION = YES;
				GCC_WARN_ABOUT_RETURN_TYPE = YES_ERROR;
				GCC_WARN_UNDECLARED_SELECTOR = YES;
				GCC_WARN_UNINITIALIZED_AUTOS = YES_AGGRESSIVE;
				GCC_WARN_UNUSED_FUNCTION = YES;
				GCC_WARN_UNUSED_VARIABLE = YES;
				IPHONEOS_DEPLOYMENT_TARGET = 15.5;
				MTL_ENABLE_DEBUG_INFO = INCLUDE_SOURCE;
				MTL_FAST_MATH = YES;
				ONLY_ACTIVE_ARCH = YES;
				SDKROOT = iphoneos;
			};
			name = Debug;
		};
		4B9B5386288F7ABD003FC745 /* Release */ = {
			isa = XCBuildConfiguration;
			buildSettings = {
				ALWAYS_SEARCH_USER_PATHS = NO;
				CLANG_ANALYZER_NONNULL = YES;
				CLANG_ANALYZER_NUMBER_OBJECT_CONVERSION = YES_AGGRESSIVE;
				CLANG_CXX_LANGUAGE_STANDARD = "gnu++17";
				CLANG_ENABLE_MODULES = YES;
				CLANG_ENABLE_OBJC_ARC = YES;
				CLANG_ENABLE_OBJC_WEAK = YES;
				CLANG_WARN_BLOCK_CAPTURE_AUTORELEASING = YES;
				CLANG_WARN_BOOL_CONVERSION = YES;
				CLANG_WARN_COMMA = YES;
				CLANG_WARN_CONSTANT_CONVERSION = YES;
				CLANG_WARN_DEPRECATED_OBJC_IMPLEMENTATIONS = YES;
				CLANG_WARN_DIRECT_OBJC_ISA_USAGE = YES_ERROR;
				CLANG_WARN_DOCUMENTATION_COMMENTS = YES;
				CLANG_WARN_EMPTY_BODY = YES;
				CLANG_WARN_ENUM_CONVERSION = YES;
				CLANG_WARN_INFINITE_RECURSION = YES;
				CLANG_WARN_INT_CONVERSION = YES;
				CLANG_WARN_NON_LITERAL_NULL_CONVERSION = YES;
				CLANG_WARN_OBJC_IMPLICIT_RETAIN_SELF = YES;
				CLANG_WARN_OBJC_LITERAL_CONVERSION = YES;
				CLANG_WARN_OBJC_ROOT_CLASS = YES_ERROR;
				CLANG_WARN_QUOTED_INCLUDE_IN_FRAMEWORK_HEADER = YES;
				CLANG_WARN_RANGE_LOOP_ANALYSIS = YES;
				CLANG_WARN_STRICT_PROTOTYPES = YES;
				CLANG_WARN_SUSPICIOUS_MOVE = YES;
				CLANG_WARN_UNGUARDED_AVAILABILITY = YES_AGGRESSIVE;
				CLANG_WARN_UNREACHABLE_CODE = YES;
				CLANG_WARN__DUPLICATE_METHOD_MATCH = YES;
				COPY_PHASE_STRIP = NO;
				DEBUG_INFORMATION_FORMAT = "dwarf-with-dsym";
				ENABLE_NS_ASSERTIONS = NO;
				ENABLE_STRICT_OBJC_MSGSEND = YES;
				GCC_C_LANGUAGE_STANDARD = gnu11;
				GCC_NO_COMMON_BLOCKS = YES;
				GCC_WARN_64_TO_32_BIT_CONVERSION = YES;
				GCC_WARN_ABOUT_RETURN_TYPE = YES_ERROR;
				GCC_WARN_UNDECLARED_SELECTOR = YES;
				GCC_WARN_UNINITIALIZED_AUTOS = YES_AGGRESSIVE;
				GCC_WARN_UNUSED_FUNCTION = YES;
				GCC_WARN_UNUSED_VARIABLE = YES;
				IPHONEOS_DEPLOYMENT_TARGET = 15.5;
				MTL_ENABLE_DEBUG_INFO = NO;
				MTL_FAST_MATH = YES;
				SDKROOT = iphoneos;
				VALIDATE_PRODUCT = YES;
			};
			name = Release;
		};
		4B9B5388288F7ABD003FC745 /* Debug */ = {
			isa = XCBuildConfiguration;
			baseConfigurationReference = 6F69386DD3123050E320AFB6 /* Pods-Todo.debug.xcconfig */;
			buildSettings = {
				ASSETCATALOG_COMPILER_APPICON_NAME = AppIcon;
				ASSETCATALOG_COMPILER_GLOBAL_ACCENT_COLOR_NAME = AccentColor;
				CODE_SIGN_STYLE = Automatic;
				CURRENT_PROJECT_VERSION = 1;
				DEVELOPMENT_TEAM = WZB32F6QW5;
				GENERATE_INFOPLIST_FILE = YES;
				INFOPLIST_FILE = Todo/Info.plist;
				INFOPLIST_KEY_UIApplicationSupportsIndirectInputEvents = YES;
				INFOPLIST_KEY_UILaunchStoryboardName = LaunchScreen;
				INFOPLIST_KEY_UIMainStoryboardFile = Main;
				INFOPLIST_KEY_UISupportedInterfaceOrientations_iPad = "UIInterfaceOrientationPortrait UIInterfaceOrientationPortraitUpsideDown UIInterfaceOrientationLandscapeLeft UIInterfaceOrientationLandscapeRight";
				INFOPLIST_KEY_UISupportedInterfaceOrientations_iPhone = "UIInterfaceOrientationPortrait UIInterfaceOrientationLandscapeLeft UIInterfaceOrientationLandscapeRight";
				LD_RUNPATH_SEARCH_PATHS = (
					"$(inherited)",
					"@executable_path/Frameworks",
				);
				MARKETING_VERSION = 1.0;
				PRODUCT_BUNDLE_IDENTIFIER = quezadamiguel.com.quezadamiguel.Todo;
				PRODUCT_NAME = "$(TARGET_NAME)";
				SWIFT_EMIT_LOC_STRINGS = YES;
				TARGETED_DEVICE_FAMILY = "1,2";
			};
			name = Debug;
		};
		4B9B5389288F7ABD003FC745 /* Release */ = {
			isa = XCBuildConfiguration;
			baseConfigurationReference = 569AACC466C1472DB896C409 /* Pods-Todo.release.xcconfig */;
			buildSettings = {
				ASSETCATALOG_COMPILER_APPICON_NAME = AppIcon;
				ASSETCATALOG_COMPILER_GLOBAL_ACCENT_COLOR_NAME = AccentColor;
				CODE_SIGN_STYLE = Automatic;
				CURRENT_PROJECT_VERSION = 1;
				DEVELOPMENT_TEAM = WZB32F6QW5;
				GENERATE_INFOPLIST_FILE = YES;
				INFOPLIST_FILE = Todo/Info.plist;
				INFOPLIST_KEY_UIApplicationSupportsIndirectInputEvents = YES;
				INFOPLIST_KEY_UILaunchStoryboardName = LaunchScreen;
				INFOPLIST_KEY_UIMainStoryboardFile = Main;
				INFOPLIST_KEY_UISupportedInterfaceOrientations_iPad = "UIInterfaceOrientationPortrait UIInterfaceOrientationPortraitUpsideDown UIInterfaceOrientationLandscapeLeft UIInterfaceOrientationLandscapeRight";
				INFOPLIST_KEY_UISupportedInterfaceOrientations_iPhone = "UIInterfaceOrientationPortrait UIInterfaceOrientationLandscapeLeft UIInterfaceOrientationLandscapeRight";
				LD_RUNPATH_SEARCH_PATHS = (
					"$(inherited)",
					"@executable_path/Frameworks",
				);
				MARKETING_VERSION = 1.0;
				PRODUCT_BUNDLE_IDENTIFIER = quezadamiguel.com.quezadamiguel.Todo;
				PRODUCT_NAME = "$(TARGET_NAME)";
				SWIFT_EMIT_LOC_STRINGS = YES;
				TARGETED_DEVICE_FAMILY = "1,2";
			};
			name = Release;
		};
/* End XCBuildConfiguration section */

/* Begin XCConfigurationList section */
		4B9B5369288F7ABB003FC745 /* Build configuration list for PBXProject "Todo" */ = {
			isa = XCConfigurationList;
			buildConfigurations = (
				4B9B5385288F7ABD003FC745 /* Debug */,
				4B9B5386288F7ABD003FC745 /* Release */,
			);
			defaultConfigurationIsVisible = 0;
			defaultConfigurationName = Release;
		};
		4B9B5387288F7ABD003FC745 /* Build configuration list for PBXNativeTarget "Todo" */ = {
			isa = XCConfigurationList;
			buildConfigurations = (
				4B9B5388288F7ABD003FC745 /* Debug */,
				4B9B5389288F7ABD003FC745 /* Release */,
			);
			defaultConfigurationIsVisible = 0;
			defaultConfigurationName = Release;
		};
/* End XCConfigurationList section */
	};
	rootObject = 4B9B5366288F7ABB003FC745 /* Project object */;
}
